// !$*UTF8*$!
{
	archiveVersion = 1;
	classes = {
	};
	objectVersion = 46;
	objects = {

/* Begin PBXBuildFile section */
		37E4D4561DBA286900260557 /* Default-568h@2x.png in Resources */ = {isa = PBXBuildFile; fileRef = 37E4D4551DBA286900260557 /* Default-568h@2x.png */; };
		37F4165A1DBA1913005BEA2C /* main.m in Sources */ = {isa = PBXBuildFile; fileRef = 37F416591DBA1913005BEA2C /* main.m */; };
		37F4165D1DBA1913005BEA2C /* AppDelegate.m in Sources */ = {isa = PBXBuildFile; fileRef = 37F4165C1DBA1913005BEA2C /* AppDelegate.m */; };
		37F416601DBA1913005BEA2C /* ViewController.m in Sources */ = {isa = PBXBuildFile; fileRef = 37F4165F1DBA1913005BEA2C /* ViewController.m */; };
		37F416631DBA1913005BEA2C /* Main.storyboard in Resources */ = {isa = PBXBuildFile; fileRef = 37F416611DBA1913005BEA2C /* Main.storyboard */; };
		37F416651DBA1913005BEA2C /* Assets.xcassets in Resources */ = {isa = PBXBuildFile; fileRef = 37F416641DBA1913005BEA2C /* Assets.xcassets */; };
		37F416681DBA1913005BEA2C /* LaunchScreen.storyboard in Resources */ = {isa = PBXBuildFile; fileRef = 37F416661DBA1913005BEA2C /* LaunchScreen.storyboard */; };
		ECE75543DCB8B9BF9EB2B15A /* libPods-Weather.a in Frameworks */ = {isa = PBXBuildFile; fileRef = 8E69C0E6C95A46A37816F130 /* libPods-Weather.a */; };
/* End PBXBuildFile section */

/* Begin PBXFileReference section */
		37E4D4551DBA286900260557 /* Default-568h@2x.png */ = {isa = PBXFileReference; lastKnownFileType = image.png; name = "Default-568h@2x.png"; path = "../Default-568h@2x.png"; sourceTree = "<group>"; };
		37F416551DBA1913005BEA2C /* Weather.app */ = {isa = PBXFileReference; explicitFileType = wrapper.application; includeInIndex = 0; path = Weather.app; sourceTree = BUILT_PRODUCTS_DIR; };
		37F416591DBA1913005BEA2C /* main.m */ = {isa = PBXFileReference; lastKnownFileType = sourcecode.c.objc; path = main.m; sourceTree = "<group>"; };
		37F4165B1DBA1913005BEA2C /* AppDelegate.h */ = {isa = PBXFileReference; lastKnownFileType = sourcecode.c.h; path = AppDelegate.h; sourceTree = "<group>"; };
		37F4165C1DBA1913005BEA2C /* AppDelegate.m */ = {isa = PBXFileReference; lastKnownFileType = sourcecode.c.objc; path = AppDelegate.m; sourceTree = "<group>"; };
		37F4165E1DBA1913005BEA2C /* ViewController.h */ = {isa = PBXFileReference; lastKnownFileType = sourcecode.c.h; path = ViewController.h; sourceTree = "<group>"; };
		37F4165F1DBA1913005BEA2C /* ViewController.m */ = {isa = PBXFileReference; lastKnownFileType = sourcecode.c.objc; path = ViewController.m; sourceTree = "<group>"; };
		37F416621DBA1913005BEA2C /* Base */ = {isa = PBXFileReference; lastKnownFileType = file.storyboard; name = Base; path = Base.lproj/Main.storyboard; sourceTree = "<group>"; };
		37F416641DBA1913005BEA2C /* Assets.xcassets */ = {isa = PBXFileReference; lastKnownFileType = folder.assetcatalog; path = Assets.xcassets; sourceTree = "<group>"; };
		37F416671DBA1913005BEA2C /* Base */ = {isa = PBXFileReference; lastKnownFileType = file.storyboard; name = Base; path = Base.lproj/LaunchScreen.storyboard; sourceTree = "<group>"; };
		37F416691DBA1913005BEA2C /* Info.plist */ = {isa = PBXFileReference; lastKnownFileType = text.plist.xml; path = Info.plist; sourceTree = "<group>"; };
		3ADB63E9F7A553F76B370BC5 /* Pods-Weather.debug.xcconfig */ = {isa = PBXFileReference; includeInIndex = 1; lastKnownFileType = text.xcconfig; name = "Pods-Weather.debug.xcconfig"; path = "Pods/Target Support Files/Pods-Weather/Pods-Weather.debug.xcconfig"; sourceTree = "<group>"; };
		82336CE96170C9B0B508CFAA /* Pods-Weather.release.xcconfig */ = {isa = PBXFileReference; includeInIndex = 1; lastKnownFileType = text.xcconfig; name = "Pods-Weather.release.xcconfig"; path = "Pods/Target Support Files/Pods-Weather/Pods-Weather.release.xcconfig"; sourceTree = "<group>"; };
		8E69C0E6C95A46A37816F130 /* libPods-Weather.a */ = {isa = PBXFileReference; explicitFileType = archive.ar; includeInIndex = 0; path = "libPods-Weather.a"; sourceTree = BUILT_PRODUCTS_DIR; };
/* End PBXFileReference section */

/* Begin PBXFrameworksBuildPhase section */
		37F416521DBA1913005BEA2C /* Frameworks */ = {
			isa = PBXFrameworksBuildPhase;
			buildActionMask = 2147483647;
			files = (
				ECE75543DCB8B9BF9EB2B15A /* libPods-Weather.a in Frameworks */,
			);
			runOnlyForDeploymentPostprocessing = 0;
		};
/* End PBXFrameworksBuildPhase section */

/* Begin PBXGroup section */
		37F4164C1DBA1913005BEA2C = {
			isa = PBXGroup;
			children = (
				37F416571DBA1913005BEA2C /* Weather */,
				37F416561DBA1913005BEA2C /* Products */,
				96C23FC3B47FA0E380AF26BA /* Pods */,
				AA7C2D55EEF32548BFE0B305 /* Frameworks */,
			);
			sourceTree = "<group>";
		};
		37F416561DBA1913005BEA2C /* Products */ = {
			isa = PBXGroup;
			children = (
				37F416551DBA1913005BEA2C /* Weather.app */,
			);
			name = Products;
			sourceTree = "<group>";
		};
		37F416571DBA1913005BEA2C /* Weather */ = {
			isa = PBXGroup;
			children = (
				37F4165E1DBA1913005BEA2C /* ViewController.h */,
				37F4165F1DBA1913005BEA2C /* ViewController.m */,
				37F416611DBA1913005BEA2C /* Main.storyboard */,
				37F416581DBA1913005BEA2C /* Supporting Files */,
			);
			path = Weather;
			sourceTree = "<group>";
		};
		37F416581DBA1913005BEA2C /* Supporting Files */ = {
			isa = PBXGroup;
			children = (
				37E4D4551DBA286900260557 /* Default-568h@2x.png */,
				37F416641DBA1913005BEA2C /* Assets.xcassets */,
				37F416661DBA1913005BEA2C /* LaunchScreen.storyboard */,
				37F416691DBA1913005BEA2C /* Info.plist */,
				37F4165B1DBA1913005BEA2C /* AppDelegate.h */,
				37F4165C1DBA1913005BEA2C /* AppDelegate.m */,
				37F416591DBA1913005BEA2C /* main.m */,
			);
			name = "Supporting Files";
			sourceTree = "<group>";
		};
		96C23FC3B47FA0E380AF26BA /* Pods */ = {
			isa = PBXGroup;
			children = (
				3ADB63E9F7A553F76B370BC5 /* Pods-Weather.debug.xcconfig */,
				82336CE96170C9B0B508CFAA /* Pods-Weather.release.xcconfig */,
			);
			name = Pods;
			sourceTree = "<group>";
		};
		AA7C2D55EEF32548BFE0B305 /* Frameworks */ = {
			isa = PBXGroup;
			children = (
				8E69C0E6C95A46A37816F130 /* libPods-Weather.a */,
			);
			name = Frameworks;
			sourceTree = "<group>";
		};
/* End PBXGroup section */

/* Begin PBXNativeTarget section */
		37F416541DBA1913005BEA2C /* Weather */ = {
			isa = PBXNativeTarget;
			buildConfigurationList = 37F4166C1DBA1913005BEA2C /* Build configuration list for PBXNativeTarget "Weather" */;
			buildPhases = (
				CCDA0DDA1D2041DA445F1166 /* 📦 Check Pods Manifest.lock */,
				37F416511DBA1913005BEA2C /* Sources */,
				37F416521DBA1913005BEA2C /* Frameworks */,
				37F416531DBA1913005BEA2C /* Resources */,
				E28A1AB3F192AC659237D3EC /* 📦 Embed Pods Frameworks */,
				1269E541644E2C3945CA1730 /* 📦 Copy Pods Resources */,
			);
			buildRules = (
			);
			dependencies = (
			);
			name = Weather;
			productName = Weather;
			productReference = 37F416551DBA1913005BEA2C /* Weather.app */;
			productType = "com.apple.product-type.application";
		};
/* End PBXNativeTarget section */

/* Begin PBXProject section */
		37F4164D1DBA1913005BEA2C /* Project object */ = {
			isa = PBXProject;
			attributes = {
				LastUpgradeCheck = 0800;
				ORGANIZATIONNAME = "Oguz Birinci";
				TargetAttributes = {
					37F416541DBA1913005BEA2C = {
						CreatedOnToolsVersion = 8.0;
						ProvisioningStyle = Automatic;
					};
				};
			};
			buildConfigurationList = 37F416501DBA1913005BEA2C /* Build configuration list for PBXProject "Weather" */;
			compatibilityVersion = "Xcode 3.2";
			developmentRegion = English;
			hasScannedForEncodings = 0;
			knownRegions = (
				en,
				Base,
			);
			mainGroup = 37F4164C1DBA1913005BEA2C;
			productRefGroup = 37F416561DBA1913005BEA2C /* Products */;
			projectDirPath = "";
			projectRoot = "";
			targets = (
				37F416541DBA1913005BEA2C /* Weather */,
			);
		};
/* End PBXProject section */

/* Begin PBXResourcesBuildPhase section */
		37F416531DBA1913005BEA2C /* Resources */ = {
			isa = PBXResourcesBuildPhase;
			buildActionMask = 2147483647;
			files = (
				37F416681DBA1913005BEA2C /* LaunchScreen.storyboard in Resources */,
				37E4D4561DBA286900260557 /* Default-568h@2x.png in Resources */,
				37F416651DBA1913005BEA2C /* Assets.xcassets in Resources */,
				37F416631DBA1913005BEA2C /* Main.storyboard in Resources */,
			);
			runOnlyForDeploymentPostprocessing = 0;
		};
/* End PBXResourcesBuildPhase section */

/* Begin PBXShellScriptBuildPhase section */
		1269E541644E2C3945CA1730 /* 📦 Copy Pods Resources */ = {
			isa = PBXShellScriptBuildPhase;
			buildActionMask = 2147483647;
			files = (
			);
			inputPaths = (
			);
			name = "📦 Copy Pods Resources";
			outputPaths = (
			);
			runOnlyForDeploymentPostprocessing = 0;
			shellPath = /bin/sh;
			shellScript = "\"${SRCROOT}/Pods/Target Support Files/Pods-Weather/Pods-Weather-resources.sh\"\n";
			showEnvVarsInLog = 0;
		};
		CCDA0DDA1D2041DA445F1166 /* 📦 Check Pods Manifest.lock */ = {
			isa = PBXShellScriptBuildPhase;
			buildActionMask = 2147483647;
			files = (
			);
			inputPaths = (
			);
			name = "📦 Check Pods Manifest.lock";
			outputPaths = (
			);
			runOnlyForDeploymentPostprocessing = 0;
			shellPath = /bin/sh;
			shellScript = "diff \"${PODS_ROOT}/../Podfile.lock\" \"${PODS_ROOT}/Manifest.lock\" > /dev/null\nif [[ $? != 0 ]] ; then\n    cat << EOM\nerror: The sandbox is not in sync with the Podfile.lock. Run 'pod install' or update your CocoaPods installation.\nEOM\n    exit 1\nfi\n";
			showEnvVarsInLog = 0;
		};
		E28A1AB3F192AC659237D3EC /* 📦 Embed Pods Frameworks */ = {
			isa = PBXShellScriptBuildPhase;
			buildActionMask = 2147483647;
			files = (
			);
			inputPaths = (
			);
			name = "📦 Embed Pods Frameworks";
			outputPaths = (
			);
			runOnlyForDeploymentPostprocessing = 0;
			shellPath = /bin/sh;
			shellScript = "\"${SRCROOT}/Pods/Target Support Files/Pods-Weather/Pods-Weather-frameworks.sh\"\n";
			showEnvVarsInLog = 0;
		};
/* End PBXShellScriptBuildPhase section */

/* Begin PBXSourcesBuildPhase section */
		37F416511DBA1913005BEA2C /* Sources */ = {
			isa = PBXSourcesBuildPhase;
			buildActionMask = 2147483647;
			files = (
				37F416601DBA1913005BEA2C /* ViewController.m in Sources */,
				37F4165D1DBA1913005BEA2C /* AppDelegate.m in Sources */,
				37F4165A1DBA1913005BEA2C /* main.m in Sources */,
			);
			runOnlyForDeploymentPostprocessing = 0;
		};
/* End PBXSourcesBuildPhase section */

/* Begin PBXVariantGroup section */
		37F416611DBA1913005BEA2C /* Main.storyboard */ = {
			isa = PBXVariantGroup;
			children = (
				37F416621DBA1913005BEA2C /* Base */,
			);
			name = Main.storyboard;
			sourceTree = "<group>";
		};
		37F416661DBA1913005BEA2C /* LaunchScreen.storyboard */ = {
			isa = PBXVariantGroup;
			children = (
				37F416671DBA1913005BEA2C /* Base */,
			);
			name = LaunchScreen.storyboard;
			sourceTree = "<group>";
		};
/* End PBXVariantGroup section */

/* Begin XCBuildConfiguration section */
		37F4166A1DBA1913005BEA2C /* Debug */ = {
			isa = XCBuildConfiguration;
			buildSettings = {
				ALWAYS_SEARCH_USER_PATHS = NO;
				CLANG_ANALYZER_NONNULL = YES;
				CLANG_CXX_LANGUAGE_STANDARD = "gnu++0x";
				CLANG_CXX_LIBRARY = "libc++";
				CLANG_ENABLE_MODULES = YES;
				CLANG_ENABLE_OBJC_ARC = YES;
				CLANG_WARN_BOOL_CONVERSION = YES;
				CLANG_WARN_CONSTANT_CONVERSION = YES;
				CLANG_WARN_DIRECT_OBJC_ISA_USAGE = YES_ERROR;
				CLANG_WARN_DOCUMENTATION_COMMENTS = YES;
				CLANG_WARN_EMPTY_BODY = YES;
				CLANG_WARN_ENUM_CONVERSION = YES;
				CLANG_WARN_INFINITE_RECURSION = YES;
				CLANG_WARN_INT_CONVERSION = YES;
				CLANG_WARN_OBJC_ROOT_CLASS = YES_ERROR;
				CLANG_WARN_SUSPICIOUS_MOVES = YES;
				CLANG_WARN_UNREACHABLE_CODE = YES;
				CLANG_WARN__DUPLICATE_METHOD_MATCH = YES;
				"CODE_SIGN_IDENTITY[sdk=iphoneos*]" = "iPhone Developer";
				COPY_PHASE_STRIP = NO;
				DEBUG_INFORMATION_FORMAT = dwarf;
				ENABLE_STRICT_OBJC_MSGSEND = YES;
				ENABLE_TESTABILITY = YES;
				GCC_C_LANGUAGE_STANDARD = gnu99;
				GCC_DYNAMIC_NO_PIC = NO;
				GCC_NO_COMMON_BLOCKS = YES;
				GCC_OPTIMIZATION_LEVEL = 0;
				GCC_PREPROCESSOR_DEFINITIONS = (
					"DEBUG=1",
					"$(inherited)",
				);
				GCC_WARN_64_TO_32_BIT_CONVERSION = YES;
				GCC_WARN_ABOUT_RETURN_TYPE = YES_ERROR;
				GCC_WARN_UNDECLARED_SELECTOR = YES;
				GCC_WARN_UNINITIALIZED_AUTOS = YES_AGGRESSIVE;
				GCC_WARN_UNUSED_FUNCTION = YES;
				GCC_WARN_UNUSED_VARIABLE = YES;
				IPHONEOS_DEPLOYMENT_TARGET = 10.0;
				MTL_ENABLE_DEBUG_INFO = YES;
				ONLY_ACTIVE_ARCH = YES;
				SDKROOT = iphoneos;
			};
			name = Debug;
		};
		37F4166B1DBA1913005BEA2C /* Release */ = {
			isa = XCBuildConfiguration;
			buildSettings = {
				ALWAYS_SEARCH_USER_PATHS = NO;
				CLANG_ANALYZER_NONNULL = YES;
				CLANG_CXX_LANGUAGE_STANDARD = "gnu++0x";
				CLANG_CXX_LIBRARY = "libc++";
				CLANG_ENABLE_MODULES = YES;
				CLANG_ENABLE_OBJC_ARC = YES;
				CLANG_WARN_BOOL_CONVERSION = YES;
				CLANG_WARN_CONSTANT_CONVERSION = YES;
				CLANG_WARN_DIRECT_OBJC_ISA_USAGE = YES_ERROR;
				CLANG_WARN_DOCUMENTATION_COMMENTS = YES;
				CLANG_WARN_EMPTY_BODY = YES;
				CLANG_WARN_ENUM_CONVERSION = YES;
				CLANG_WARN_INFINITE_RECURSION = YES;
				CLANG_WARN_INT_CONVERSION = YES;
				CLANG_WARN_OBJC_ROOT_CLASS = YES_ERROR;
				CLANG_WARN_SUSPICIOUS_MOVES = YES;
				CLANG_WARN_UNREACHABLE_CODE = YES;
				CLANG_WARN__DUPLICATE_METHOD_MATCH = YES;
				"CODE_SIGN_IDENTITY[sdk=iphoneos*]" = "iPhone Developer";
				COPY_PHASE_STRIP = NO;
				DEBUG_INFORMATION_FORMAT = "dwarf-with-dsym";
				ENABLE_NS_ASSERTIONS = NO;
				ENABLE_STRICT_OBJC_MSGSEND = YES;
				GCC_C_LANGUAGE_STANDARD = gnu99;
				GCC_NO_COMMON_BLOCKS = YES;
				GCC_WARN_64_TO_32_BIT_CONVERSION = YES;
				GCC_WARN_ABOUT_RETURN_TYPE = YES_ERROR;
				GCC_WARN_UNDECLARED_SELECTOR = YES;
				GCC_WARN_UNINITIALIZED_AUTOS = YES_AGGRESSIVE;
				GCC_WARN_UNUSED_FUNCTION = YES;
				GCC_WARN_UNUSED_VARIABLE = YES;
				IPHONEOS_DEPLOYMENT_TARGET = 10.0;
				MTL_ENABLE_DEBUG_INFO = NO;
				SDKROOT = iphoneos;
				VALIDATE_PRODUCT = YES;
			};
			name = Release;
		};
		37F4166D1DBA1913005BEA2C /* Debug */ = {
			isa = XCBuildConfiguration;
			baseConfigurationReference = 3ADB63E9F7A553F76B370BC5 /* Pods-Weather.debug.xcconfig */;
			buildSettings = {
				ASSETCATALOG_COMPILER_APPICON_NAME = AppIcon;
				INFOPLIST_FILE = Weather/Info.plist;
				LD_RUNPATH_SEARCH_PATHS = "$(inherited) @executable_path/Frameworks";
				PRODUCT_BUNDLE_IDENTIFIER = com.brncoguz.Weather;
				PRODUCT_NAME = "$(TARGET_NAME)";
			};
			name = Debug;
		};
		37F4166E1DBA1913005BEA2C /* Release */ = {
			isa = XCBuildConfiguration;
			baseConfigurationReference = 82336CE96170C9B0B508CFAA /* Pods-Weather.release.xcconfig */;
			buildSettings = {
				ASSETCATALOG_COMPILER_APPICON_NAME = AppIcon;
				INFOPLIST_FILE = Weather/Info.plist;
				LD_RUNPATH_SEARCH_PATHS = "$(inherited) @executable_path/Frameworks";
				PRODUCT_BUNDLE_IDENTIFIER = com.brncoguz.Weather;
				PRODUCT_NAME = "$(TARGET_NAME)";
			};
			name = Release;
		};
/* End XCBuildConfiguration section */

/* Begin XCConfigurationList section */
		37F416501DBA1913005BEA2C /* Build configuration list for PBXProject "Weather" */ = {
			isa = XCConfigurationList;
			buildConfigurations = (
				37F4166A1DBA1913005BEA2C /* Debug */,
				37F4166B1DBA1913005BEA2C /* Release */,
			);
			defaultConfigurationIsVisible = 0;
			defaultConfigurationName = Release;
		};
		37F4166C1DBA1913005BEA2C /* Build configuration list for PBXNativeTarget "Weather" */ = {
			isa = XCConfigurationList;
			buildConfigurations = (
				37F4166D1DBA1913005BEA2C /* Debug */,
				37F4166E1DBA1913005BEA2C /* Release */,
			);
			defaultConfigurationIsVisible = 0;
			defaultConfigurationName = Release;
		};
/* End XCConfigurationList section */
	};
	rootObject = 37F4164D1DBA1913005BEA2C /* Project object */;
}
